// !$*UTF8*$!
{
	archiveVersion = 1;
	classes = {
	};
	objectVersion = 50;
	objects = {

/* Begin PBXBuildFile section */
		14C368AC26C2C9CB00A109E1 /* AppDelegate.swift in Sources */ = {isa = PBXBuildFile; fileRef = 14C368AB26C2C9CB00A109E1 /* AppDelegate.swift */; };
		14C368AE26C2C9CB00A109E1 /* SceneDelegate.swift in Sources */ = {isa = PBXBuildFile; fileRef = 14C368AD26C2C9CB00A109E1 /* SceneDelegate.swift */; };
		14C368B026C2C9CB00A109E1 /* HelloController.swift in Sources */ = {isa = PBXBuildFile; fileRef = 14C368AF26C2C9CB00A109E1 /* HelloController.swift */; };
		14C368B526C2C9D500A109E1 /* Assets.xcassets in Resources */ = {isa = PBXBuildFile; fileRef = 14C368B426C2C9D500A109E1 /* Assets.xcassets */; };
		14C368B826C2C9D500A109E1 /* LaunchScreen.storyboard in Resources */ = {isa = PBXBuildFile; fileRef = 14C368B626C2C9D500A109E1 /* LaunchScreen.storyboard */; };
		14C368CA26C2CEB400A109E1 /* HelloView.swift in Sources */ = {isa = PBXBuildFile; fileRef = 14C368C926C2CEB400A109E1 /* HelloView.swift */; };
		14C368CC26C2D16600A109E1 /* HelloModel.swift in Sources */ = {isa = PBXBuildFile; fileRef = 14C368CB26C2D16600A109E1 /* HelloModel.swift */; };
		14C368CE26C2D3FB00A109E1 /* HelloViewModel.swift in Sources */ = {isa = PBXBuildFile; fileRef = 14C368CD26C2D3FB00A109E1 /* HelloViewModel.swift */; };
/* End PBXBuildFile section */

/* Begin PBXFileReference section */
		14C368A826C2C9CB00A109E1 /* HelloMVVM.app */ = {isa = PBXFileReference; explicitFileType = wrapper.application; includeInIndex = 0; path = HelloMVVM.app; sourceTree = BUILT_PRODUCTS_DIR; };
		14C368AB26C2C9CB00A109E1 /* AppDelegate.swift */ = {isa = PBXFileReference; lastKnownFileType = sourcecode.swift; path = AppDelegate.swift; sourceTree = "<group>"; };
		14C368AD26C2C9CB00A109E1 /* SceneDelegate.swift */ = {isa = PBXFileReference; lastKnownFileType = sourcecode.swift; path = SceneDelegate.swift; sourceTree = "<group>"; };
		14C368AF26C2C9CB00A109E1 /* HelloController.swift */ = {isa = PBXFileReference; lastKnownFileType = sourcecode.swift; path = HelloController.swift; sourceTree = "<group>"; };
		14C368B426C2C9D500A109E1 /* Assets.xcassets */ = {isa = PBXFileReference; lastKnownFileType = folder.assetcatalog; path = Assets.xcassets; sourceTree = "<group>"; };
		14C368B726C2C9D500A109E1 /* Base */ = {isa = PBXFileReference; lastKnownFileType = file.storyboard; name = Base; path = Base.lproj/LaunchScreen.storyboard; sourceTree = "<group>"; };
		14C368B926C2C9D500A109E1 /* Info.plist */ = {isa = PBXFileReference; lastKnownFileType = text.plist.xml; path = Info.plist; sourceTree = "<group>"; };
		14C368C926C2CEB400A109E1 /* HelloView.swift */ = {isa = PBXFileReference; lastKnownFileType = sourcecode.swift; path = HelloView.swift; sourceTree = "<group>"; };
		14C368CB26C2D16600A109E1 /* HelloModel.swift */ = {isa = PBXFileReference; lastKnownFileType = sourcecode.swift; path = HelloModel.swift; sourceTree = "<group>"; };
		14C368CD26C2D3FB00A109E1 /* HelloViewModel.swift */ = {isa = PBXFileReference; lastKnownFileType = sourcecode.swift; path = HelloViewModel.swift; sourceTree = "<group>"; };
/* End PBXFileReference section */

/* Begin PBXFrameworksBuildPhase section */
		14C368A526C2C9CB00A109E1 /* Frameworks */ = {
			isa = PBXFrameworksBuildPhase;
			buildActionMask = 2147483647;
			files = (
			);
			runOnlyForDeploymentPostprocessing = 0;
		};
/* End PBXFrameworksBuildPhase section */

/* Begin PBXGroup section */
		14C3689F26C2C9CB00A109E1 = {
			isa = PBXGroup;
			children = (
				14C368AA26C2C9CB00A109E1 /* HelloMVVM */,
				14C368A926C2C9CB00A109E1 /* Products */,
			);
			sourceTree = "<group>";
		};
		14C368A926C2C9CB00A109E1 /* Products */ = {
			isa = PBXGroup;
			children = (
				14C368A826C2C9CB00A109E1 /* HelloMVVM.app */,
			);
			name = Products;
			sourceTree = "<group>";
		};
		14C368AA26C2C9CB00A109E1 /* HelloMVVM */ = {
			isa = PBXGroup;
			children = (
				14C368C326C2CE3E00A109E1 /* HelloMVVM */,
				14C368BF26C2CC1A00A109E1 /* App */,
			);
			path = HelloMVVM;
			sourceTree = "<group>";
		};
		14C368BF26C2CC1A00A109E1 /* App */ = {
			isa = PBXGroup;
			children = (
				14C368C226C2CC4700A109E1 /* LaunchScreen */,
				14C368C126C2CC3200A109E1 /* Supporting Files */,
				14C368C026C2CC2300A109E1 /* App Delegates */,
			);
			path = App;
			sourceTree = "<group>";
		};
		14C368C026C2CC2300A109E1 /* App Delegates */ = {
			isa = PBXGroup;
			children = (
				14C368AB26C2C9CB00A109E1 /* AppDelegate.swift */,
				14C368AD26C2C9CB00A109E1 /* SceneDelegate.swift */,
			);
			path = "App Delegates";
			sourceTree = "<group>";
		};
		14C368C126C2CC3200A109E1 /* Supporting Files */ = {
			isa = PBXGroup;
			children = (
				14C368B926C2C9D500A109E1 /* Info.plist */,
				14C368B426C2C9D500A109E1 /* Assets.xcassets */,
			);
			path = "Supporting Files";
			sourceTree = "<group>";
		};
		14C368C226C2CC4700A109E1 /* LaunchScreen */ = {
			isa = PBXGroup;
			children = (
				14C368B626C2C9D500A109E1 /* LaunchScreen.storyboard */,
			);
			path = LaunchScreen;
			sourceTree = "<group>";
		};
		14C368C326C2CE3E00A109E1 /* HelloMVVM */ = {
			isa = PBXGroup;
			children = (
				14C368C726C2CE6E00A109E1 /* Controller */,
				14C368C626C2CE6000A109E1 /* View */,
				14C368C526C2CE5700A109E1 /* ViewModel */,
				14C368C426C2CE4C00A109E1 /* Model */,
			);
			path = HelloMVVM;
			sourceTree = "<group>";
		};
		14C368C426C2CE4C00A109E1 /* Model */ = {
			isa = PBXGroup;
			children = (
				14C368CB26C2D16600A109E1 /* HelloModel.swift */,
			);
			path = Model;
			sourceTree = "<group>";
		};
		14C368C526C2CE5700A109E1 /* ViewModel */ = {
			isa = PBXGroup;
			children = (
				14C368CD26C2D3FB00A109E1 /* HelloViewModel.swift */,
			);
			path = ViewModel;
			sourceTree = "<group>";
		};
		14C368C626C2CE6000A109E1 /* View */ = {
			isa = PBXGroup;
			children = (
				14C368C926C2CEB400A109E1 /* HelloView.swift */,
			);
			path = View;
			sourceTree = "<group>";
		};
		14C368C726C2CE6E00A109E1 /* Controller */ = {
			isa = PBXGroup;
			children = (
				14C368AF26C2C9CB00A109E1 /* HelloController.swift */,
			);
			path = Controller;
			sourceTree = "<group>";
		};
/* End PBXGroup section */

/* Begin PBXNativeTarget section */
		14C368A726C2C9CB00A109E1 /* HelloMVVM */ = {
			isa = PBXNativeTarget;
			buildConfigurationList = 14C368BC26C2C9D500A109E1 /* Build configuration list for PBXNativeTarget "HelloMVVM" */;
			buildPhases = (
				14C368A426C2C9CB00A109E1 /* Sources */,
				14C368A526C2C9CB00A109E1 /* Frameworks */,
				14C368A626C2C9CB00A109E1 /* Resources */,
			);
			buildRules = (
			);
			dependencies = (
			);
			name = HelloMVVM;
			productName = HelloMVVM;
			productReference = 14C368A826C2C9CB00A109E1 /* HelloMVVM.app */;
			productType = "com.apple.product-type.application";
		};
/* End PBXNativeTarget section */

/* Begin PBXProject section */
		14C368A026C2C9CB00A109E1 /* Project object */ = {
			isa = PBXProject;
			attributes = {
				LastSwiftUpdateCheck = 1250;
				LastUpgradeCheck = 1250;
				TargetAttributes = {
					14C368A726C2C9CB00A109E1 = {
						CreatedOnToolsVersion = 12.5.1;
					};
				};
			};
			buildConfigurationList = 14C368A326C2C9CB00A109E1 /* Build configuration list for PBXProject "HelloMVVM" */;
			compatibilityVersion = "Xcode 9.3";
			developmentRegion = en;
			hasScannedForEncodings = 0;
			knownRegions = (
				en,
				Base,
			);
			mainGroup = 14C3689F26C2C9CB00A109E1;
			productRefGroup = 14C368A926C2C9CB00A109E1 /* Products */;
			projectDirPath = "";
			projectRoot = "";
			targets = (
				14C368A726C2C9CB00A109E1 /* HelloMVVM */,
			);
		};
/* End PBXProject section */

/* Begin PBXResourcesBuildPhase section */
		14C368A626C2C9CB00A109E1 /* Resources */ = {
			isa = PBXResourcesBuildPhase;
			buildActionMask = 2147483647;
			files = (
				14C368B826C2C9D500A109E1 /* LaunchScreen.storyboard in Resources */,
				14C368B526C2C9D500A109E1 /* Assets.xcassets in Resources */,
			);
			runOnlyForDeploymentPostprocessing = 0;
		};
/* End PBXResourcesBuildPhase section */

/* Begin PBXSourcesBuildPhase section */
		14C368A426C2C9CB00A109E1 /* Sources */ = {
			isa = PBXSourcesBuildPhase;
			buildActionMask = 2147483647;
			files = (
				14C368B026C2C9CB00A109E1 /* HelloController.swift in Sources */,
				14C368CE26C2D3FB00A109E1 /* HelloViewModel.swift in Sources */,
				14C368CA26C2CEB400A109E1 /* HelloView.swift in Sources */,
				14C368AC26C2C9CB00A109E1 /* AppDelegate.swift in Sources */,
				14C368CC26C2D16600A109E1 /* HelloModel.swift in Sources */,
				14C368AE26C2C9CB00A109E1 /* SceneDelegate.swift in Sources */,
			);
			runOnlyForDeploymentPostprocessing = 0;
		};
/* End PBXSourcesBuildPhase section */

/* Begin PBXVariantGroup section */
		14C368B626C2C9D500A109E1 /* LaunchScreen.storyboard */ = {
			isa = PBXVariantGroup;
			children = (
				14C368B726C2C9D500A109E1 /* Base */,
			);
			name = LaunchScreen.storyboard;
			sourceTree = "<group>";
		};
/* End PBXVariantGroup section */

/* Begin XCBuildConfiguration section */
		14C368BA26C2C9D500A109E1 /* Debug */ = {
			isa = XCBuildConfiguration;
			buildSettings = {
				ALWAYS_SEARCH_USER_PATHS = NO;
				CLANG_ANALYZER_NONNULL = YES;
				CLANG_ANALYZER_NUMBER_OBJECT_CONVERSION = YES_AGGRESSIVE;
				CLANG_CXX_LANGUAGE_STANDARD = "gnu++14";
				CLANG_CXX_LIBRARY = "libc++";
				CLANG_ENABLE_MODULES = YES;
				CLANG_ENABLE_OBJC_ARC = YES;
				CLANG_ENABLE_OBJC_WEAK = YES;
				CLANG_WARN_BLOCK_CAPTURE_AUTORELEASING = YES;
				CLANG_WARN_BOOL_CONVERSION = YES;
				CLANG_WARN_COMMA = YES;
				CLANG_WARN_CONSTANT_CONVERSION = YES;
				CLANG_WARN_DEPRECATED_OBJC_IMPLEMENTATIONS = YES;
				CLANG_WARN_DIRECT_OBJC_ISA_USAGE = YES_ERROR;
				CLANG_WARN_DOCUMENTATION_COMMENTS = YES;
				CLANG_WARN_EMPTY_BODY = YES;
				CLANG_WARN_ENUM_CONVERSION = YES;
				CLANG_WARN_INFINITE_RECURSION = YES;
				CLANG_WARN_INT_CONVERSION = YES;
				CLANG_WARN_NON_LITERAL_NULL_CONVERSION = YES;
				CLANG_WARN_OBJC_IMPLICIT_RETAIN_SELF = YES;
				CLANG_WARN_OBJC_LITERAL_CONVERSION = YES;
				CLANG_WARN_OBJC_ROOT_CLASS = YES_ERROR;
				CLANG_WARN_QUOTED_INCLUDE_IN_FRAMEWORK_HEADER = YES;
				CLANG_WARN_RANGE_LOOP_ANALYSIS = YES;
				CLANG_WARN_STRICT_PROTOTYPES = YES;
				CLANG_WARN_SUSPICIOUS_MOVE = YES;
				CLANG_WARN_UNGUARDED_AVAILABILITY = YES_AGGRESSIVE;
				CLANG_WARN_UNREACHABLE_CODE = YES;
				CLANG_WARN__DUPLICATE_METHOD_MATCH = YES;
				COPY_PHASE_STRIP = NO;
				DEBUG_INFORMATION_FORMAT = dwarf;
				ENABLE_STRICT_OBJC_MSGSEND = YES;
				ENABLE_TESTABILITY = YES;
				GCC_C_LANGUAGE_STANDARD = gnu11;
				GCC_DYNAMIC_NO_PIC = NO;
				GCC_NO_COMMON_BLOCKS = YES;
				GCC_OPTIMIZATION_LEVEL = 0;
				GCC_PREPROCESSOR_DEFINITIONS = (
					"DEBUG=1",
					"$(inherited)",
				);
				GCC_WARN_64_TO_32_BIT_CONVERSION = YES;
				GCC_WARN_ABOUT_RETURN_TYPE = YES_ERROR;
				GCC_WARN_UNDECLARED_SELECTOR = YES;
				GCC_WARN_UNINITIALIZED_AUTOS = YES_AGGRESSIVE;
				GCC_WARN_UNUSED_FUNCTION = YES;
				GCC_WARN_UNUSED_VARIABLE = YES;
				IPHONEOS_DEPLOYMENT_TARGET = 14.5;
				MTL_ENABLE_DEBUG_INFO = INCLUDE_SOURCE;
				MTL_FAST_MATH = YES;
				ONLY_ACTIVE_ARCH = YES;
				SDKROOT = iphoneos;
				SWIFT_ACTIVE_COMPILATION_CONDITIONS = DEBUG;
				SWIFT_OPTIMIZATION_LEVEL = "-Onone";
			};
			name = Debug;
		};
		14C368BB26C2C9D500A109E1 /* Release */ = {
			isa = XCBuildConfiguration;
			buildSettings = {
				ALWAYS_SEARCH_USER_PATHS = NO;
				CLANG_ANALYZER_NONNULL = YES;
				CLANG_ANALYZER_NUMBER_OBJECT_CONVERSION = YES_AGGRESSIVE;
				CLANG_CXX_LANGUAGE_STANDARD = "gnu++14";
				CLANG_CXX_LIBRARY = "libc++";
				CLANG_ENABLE_MODULES = YES;
				CLANG_ENABLE_OBJC_ARC = YES;
				CLANG_ENABLE_OBJC_WEAK = YES;
				CLANG_WARN_BLOCK_CAPTURE_AUTORELEASING = YES;
				CLANG_WARN_BOOL_CONVERSION = YES;
				CLANG_WARN_COMMA = YES;
				CLANG_WARN_CONSTANT_CONVERSION = YES;
				CLANG_WARN_DEPRECATED_OBJC_IMPLEMENTATIONS = YES;
				CLANG_WARN_DIRECT_OBJC_ISA_USAGE = YES_ERROR;
				CLANG_WARN_DOCUMENTATION_COMMENTS = YES;
				CLANG_WARN_EMPTY_BODY = YES;
				CLANG_WARN_ENUM_CONVERSION = YES;
				CLANG_WARN_INFINITE_RECURSION = YES;
				CLANG_WARN_INT_CONVERSION = YES;
				CLANG_WARN_NON_LITERAL_NULL_CONVERSION = YES;
				CLANG_WARN_OBJC_IMPLICIT_RETAIN_SELF = YES;
				CLANG_WARN_OBJC_LITERAL_CONVERSION = YES;
				CLANG_WARN_OBJC_ROOT_CLASS = YES_ERROR;
				CLANG_WARN_QUOTED_INCLUDE_IN_FRAMEWORK_HEADER = YES;
				CLANG_WARN_RANGE_LOOP_ANALYSIS = YES;
				CLANG_WARN_STRICT_PROTOTYPES = YES;
				CLANG_WARN_SUSPICIOUS_MOVE = YES;
				CLANG_WARN_UNGUARDED_AVAILABILITY = YES_AGGRESSIVE;
				CLANG_WARN_UNREACHABLE_CODE = YES;
				CLANG_WARN__DUPLICATE_METHOD_MATCH = YES;
				COPY_PHASE_STRIP = NO;
				DEBUG_INFORMATION_FORMAT = "dwarf-with-dsym";
				ENABLE_NS_ASSERTIONS = NO;
				ENABLE_STRICT_OBJC_MSGSEND = YES;
				GCC_C_LANGUAGE_STANDARD = gnu11;
				GCC_NO_COMMON_BLOCKS = YES;
				GCC_WARN_64_TO_32_BIT_CONVERSION = YES;
				GCC_WARN_ABOUT_RETURN_TYPE = YES_ERROR;
				GCC_WARN_UNDECLARED_SELECTOR = YES;
				GCC_WARN_UNINITIALIZED_AUTOS = YES_AGGRESSIVE;
				GCC_WARN_UNUSED_FUNCTION = YES;
				GCC_WARN_UNUSED_VARIABLE = YES;
				IPHONEOS_DEPLOYMENT_TARGET = 14.5;
				MTL_ENABLE_DEBUG_INFO = NO;
				MTL_FAST_MATH = YES;
				SDKROOT = iphoneos;
				SWIFT_COMPILATION_MODE = wholemodule;
				SWIFT_OPTIMIZATION_LEVEL = "-O";
				VALIDATE_PRODUCT = YES;
			};
			name = Release;
		};
		14C368BD26C2C9D500A109E1 /* Debug */ = {
			isa = XCBuildConfiguration;
			buildSettings = {
				ASSETCATALOG_COMPILER_APPICON_NAME = AppIcon;
				ASSETCATALOG_COMPILER_GLOBAL_ACCENT_COLOR_NAME = AccentColor;
				CODE_SIGN_STYLE = Automatic;
				DEVELOPMENT_TEAM = 68FXT4UH73;
				INFOPLIST_FILE = "HelloMVVM/App/Supporting Files/Info.plist";
				LD_RUNPATH_SEARCH_PATHS = (
					"$(inherited)",
					"@executable_path/Frameworks",
				);
				PRODUCT_BUNDLE_IDENTIFIER = ru.egorskikh.HelloMVVM;
				PRODUCT_NAME = "$(TARGET_NAME)";
				SWIFT_VERSION = 5.0;
				TARGETED_DEVICE_FAMILY = "1,2";
			};
			name = Debug;
		};
		14C368BE26C2C9D500A109E1 /* Release */ = {
			isa = XCBuildConfiguration;
			buildSettings = {
				ASSETCATALOG_COMPILER_APPICON_NAME = AppIcon;
				ASSETCATALOG_COMPILER_GLOBAL_ACCENT_COLOR_NAME = AccentColor;
				CODE_SIGN_STYLE = Automatic;
				DEVELOPMENT_TEAM = 68FXT4UH73;
				INFOPLIST_FILE = "HelloMVVM/App/Supporting Files/Info.plist";
				LD_RUNPATH_SEARCH_PATHS = (
					"$(inherited)",
					"@executable_path/Frameworks",
				);
				PRODUCT_BUNDLE_IDENTIFIER = ru.egorskikh.HelloMVVM;
				PRODUCT_NAME = "$(TARGET_NAME)";
				SWIFT_VERSION = 5.0;
				TARGETED_DEVICE_FAMILY = "1,2";
			};
			name = Release;
		};
/* End XCBuildConfiguration section */

/* Begin XCConfigurationList section */
		14C368A326C2C9CB00A109E1 /* Build configuration list for PBXProject "HelloMVVM" */ = {
			isa = XCConfigurationList;
			buildConfigurations = (
				14C368BA26C2C9D500A109E1 /* Debug */,
				14C368BB26C2C9D500A109E1 /* Release */,
			);
			defaultConfigurationIsVisible = 0;
			defaultConfigurationName = Release;
		};
		14C368BC26C2C9D500A109E1 /* Build configuration list for PBXNativeTarget "HelloMVVM" */ = {
			isa = XCConfigurationList;
			buildConfigurations = (
				14C368BD26C2C9D500A109E1 /* Debug */,
				14C368BE26C2C9D500A109E1 /* Release */,
			);
			defaultConfigurationIsVisible = 0;
			defaultConfigurationName = Release;
		};
/* End XCConfigurationList section */
	};
	rootObject = 14C368A026C2C9CB00A109E1 /* Project object */;
}
